
Microsoft Visual Studio Solution File, Format Version 12.00
# Visual Studio Version 16
VisualStudioVersion = 16.0.29519.181
MinimumVisualStudioVersion = 10.0.40219.1
Project("{FAE04EC0-301F-11D3-BF4B-00C04F79EFBC}") = "UzduotisNr1", "UzduotisNr1\UzduotisNr1.csproj", "{94F7167F-A886-41F1-9CF8-887318CFE698}"
EndProject
Project("{FAE04EC0-301F-11D3-BF4B-00C04F79EFBC}") = "Library", "Library\Library.csproj", "{DCB4D1F2-FDE1-481B-A537-4C86DCA5A222}"
EndProject
Global
	GlobalSection(SolutionConfigurationPlatforms) = preSolution
		Debug|Any CPU = Debug|Any CPU
		Release|Any CPU = Release|Any CPU
	EndGlobalSection
	GlobalSection(ProjectConfigurationPlatforms) = postSolution
		{94F7167F-A886-41F1-9CF8-887318CFE698}.Debug|Any CPU.ActiveCfg = Debug|Any CPU
		{94F7167F-A886-41F1-9CF8-887318CFE698}.Debug|Any CPU.Build.0 = Debug|Any CPU
		{94F7167F-A886-41F1-9CF8-887318CFE698}.Release|Any CPU.ActiveCfg = Release|Any CPU
		{94F7167F-A886-41F1-9CF8-887318CFE698}.Release|Any CPU.Build.0 = Release|Any CPU
		{DCB4D1F2-FDE1-481B-A537-4C86DCA5A222}.Debug|Any CPU.ActiveCfg = Debug|Any CPU
		{DCB4D1F2-FDE1-481B-A537-4C86DCA5A222}.Debug|Any CPU.Build.0 = Debug|Any CPU
		{DCB4D1F2-FDE1-481B-A537-4C86DCA5A222}.Release|Any CPU.ActiveCfg = Release|Any CPU
		{DCB4D1F2-FDE1-481B-A537-4C86DCA5A222}.Release|Any CPU.Build.0 = Release|Any CPU
	EndGlobalSection
	GlobalSection(SolutionProperties) = preSolution
		HideSolutionNode = FALSE
	EndGlobalSection
	GlobalSection(ExtensibilityGlobals) = postSolution
		SolutionGuid = {57CC5CF5-9908-478A-A185-8BA2D0F86B4A}
	EndGlobalSection
EndGlobal
